
Microsoft Visual Studio Solution File, Format Version 12.00
# Visual Studio Version 17
VisualStudioVersion = 17.7.34202.233
MinimumVisualStudioVersion = 10.0.40219.1
Project("{9A19103F-16F7-4668-BE54-9A1E7A4F7556}") = "QuizAppBlazor.Server", "Server\QuizAppBlazor.Server.csproj", "{DFB0E926-3B56-470B-8E6B-27B7D84A58BD}"
EndProject
Project("{9A19103F-16F7-4668-BE54-9A1E7A4F7556}") = "QuizAppBlazor.Client", "Client\QuizAppBlazor.Client.csproj", "{737470A0-BD53-47CE-B9E6-34B36B4F7362}"
EndProject
Project("{9A19103F-16F7-4668-BE54-9A1E7A4F7556}") = "QuizAppBlazor.Shared", "Shared\QuizAppBlazor.Shared.csproj", "{986E228E-3E3B-4EE5-9C05-47390DB15F77}"
EndProject
Global
	GlobalSection(SolutionConfigurationPlatforms) = preSolution
		Debug|Any CPU = Debug|Any CPU
		Release|Any CPU = Release|Any CPU
	EndGlobalSection
	GlobalSection(ProjectConfigurationPlatforms) = postSolution
		{DFB0E926-3B56-470B-8E6B-27B7D84A58BD}.Debug|Any CPU.ActiveCfg = Debug|Any CPU
		{DFB0E926-3B56-470B-8E6B-27B7D84A58BD}.Debug|Any CPU.Build.0 = Debug|Any CPU
		{DFB0E926-3B56-470B-8E6B-27B7D84A58BD}.Release|Any CPU.ActiveCfg = Release|Any CPU
		{DFB0E926-3B56-470B-8E6B-27B7D84A58BD}.Release|Any CPU.Build.0 = Release|Any CPU
		{737470A0-BD53-47CE-B9E6-34B36B4F7362}.Debug|Any CPU.ActiveCfg = Debug|Any CPU
		{737470A0-BD53-47CE-B9E6-34B36B4F7362}.Debug|Any CPU.Build.0 = Debug|Any CPU
		{737470A0-BD53-47CE-B9E6-34B36B4F7362}.Release|Any CPU.ActiveCfg = Release|Any CPU
		{737470A0-BD53-47CE-B9E6-34B36B4F7362}.Release|Any CPU.Build.0 = Release|Any CPU
		{986E228E-3E3B-4EE5-9C05-47390DB15F77}.Debug|Any CPU.ActiveCfg = Debug|Any CPU
		{986E228E-3E3B-4EE5-9C05-47390DB15F77}.Debug|Any CPU.Build.0 = Debug|Any CPU
		{986E228E-3E3B-4EE5-9C05-47390DB15F77}.Release|Any CPU.ActiveCfg = Release|Any CPU
		{986E228E-3E3B-4EE5-9C05-47390DB15F77}.Release|Any CPU.Build.0 = Release|Any CPU
	EndGlobalSection
	GlobalSection(SolutionProperties) = preSolution
		HideSolutionNode = FALSE
	EndGlobalSection
	GlobalSection(ExtensibilityGlobals) = postSolution
		SolutionGuid = {F7215B89-CA2C-4283-B5D8-CC414E333168}
	EndGlobalSection
EndGlobal
